
Microsoft Visual Studio Solution File, Format Version 12.00
# Visual Studio Version 16
VisualStudioVersion = 16.0.29001.49
MinimumVisualStudioVersion = 10.0.40219.1
Project("{9A19103F-16F7-4668-BE54-9A1E7A4F7556}") = "Assembly.ChangeDetection", "Assembly.ChangeDetection\Assembly.ChangeDetection.csproj", "{E854DFDD-3CD0-47FB-9772-2BBCC275FA74}"
EndProject
Project("{2150E333-8FDC-42A3-9474-1A3956D46DE8}") = "Solution Items", "Solution Items", "{1E0CB509-7F0C-4F4D-AF43-3B921F0C408F}"
	ProjectSection(SolutionItems) = preProject
		.editorconfig = .editorconfig
		Directory.Build.props = Directory.Build.props
		stylecop.json = stylecop.json
	EndProjectSection
EndProject
Project("{2150E333-8FDC-42A3-9474-1A3956D46DE8}") = "Specs", "Specs", "{9B8BBDD3-B28D-4587-9738-53264B625CAD}"
	ProjectSection(SolutionItems) = preProject
		Specs\Directory.Build.props = Specs\Directory.Build.props
	EndProjectSection
EndProject
Project("{9A19103F-16F7-4668-BE54-9A1E7A4F7556}") = "Assembly.ChangeDetection.Specs", "Specs\Assembly.ChangeDetection.Specs\Assembly.ChangeDetection.Specs.csproj", "{220ED5AA-CD47-4939-9D08-5487D6039636}"
EndProject
Project("{2150E333-8FDC-42A3-9474-1A3956D46DE8}") = "Projects", "Projects", "{A39FC7D8-CCFD-41EA-B322-F2883668EB43}"
	ProjectSection(SolutionItems) = preProject
		Specs\Projects\Directory.Build.props = Specs\Projects\Directory.Build.props
	EndProjectSection
EndProject
Project("{9A19103F-16F7-4668-BE54-9A1E7A4F7556}") = "Original", "Specs\Projects\Original\Original.csproj", "{D78B0500-809E-471B-933A-C48509B9C57C}"
EndProject
Project("{9A19103F-16F7-4668-BE54-9A1E7A4F7556}") = "BreakingChange", "Specs\Projects\BreakingChange\BreakingChange.csproj", "{282B8835-B9D0-4F6E-B33D-73E9D8BD0D0D}"
EndProject
Project("{9A19103F-16F7-4668-BE54-9A1E7A4F7556}") = "NonBreakingAdditiveChange", "Specs\Projects\NonBreakingAdditiveChange\NonBreakingAdditiveChange.csproj", "{85164719-6220-4167-8C52-E0406CDE120F}"
EndProject
Project("{2150E333-8FDC-42A3-9474-1A3956D46DE8}") = "NuPkg", "NuPkg", "{028F3616-5A1D-4352-977F-50BF81A728E9}"
EndProject
Project("{2150E333-8FDC-42A3-9474-1A3956D46DE8}") = "Full", "Full", "{13B7690C-F62F-4E4A-805B-D10D039F9C84}"
	ProjectSection(SolutionItems) = preProject
		Specs\NuPkg\Full\Original.1.0.0.nupkg = Specs\NuPkg\Full\Original.1.0.0.nupkg
		Specs\NuPkg\Full\Original.1.0.1-develop.nupkg = Specs\NuPkg\Full\Original.1.0.1-develop.nupkg
	EndProjectSection
EndProject
Project("{2150E333-8FDC-42A3-9474-1A3956D46DE8}") = "NoPackages", "NoPackages", "{CDFD3BBE-AF93-4678-A091-1B44FF7FBFC9}"
EndProject
Project("{2150E333-8FDC-42A3-9474-1A3956D46DE8}") = "OnlyPrerelease", "OnlyPrerelease", "{8EF38621-0835-4829-8BBF-B3ECCB96D2EC}"
	ProjectSection(SolutionItems) = preProject
		Specs\NuPkg\OnlyPrerelease\Original.1.0.1-develop.nupkg = Specs\NuPkg\OnlyPrerelease\Original.1.0.1-develop.nupkg
	EndProjectSection
EndProject
Project("{2150E333-8FDC-42A3-9474-1A3956D46DE8}") = "OnlyRelease", "OnlyRelease", "{7E6417CC-2097-4E57-9916-2DD4F1B2DAFE}"
	ProjectSection(SolutionItems) = preProject
		Specs\NuPkg\OnlyRelease\Original.1.0.0.nupkg = Specs\NuPkg\OnlyRelease\Original.1.0.0.nupkg
	EndProjectSection
EndProject
Project("{9A19103F-16F7-4668-BE54-9A1E7A4F7556}") = "New", "Specs\Projects\New\New.csproj", "{363F2644-64D0-4EA2-AF87-4783234AC0A7}"
EndProject
Project("{9A19103F-16F7-4668-BE54-9A1E7A4F7556}") = "SemanticVersioning.Core", "SemanticVersioning.Core\SemanticVersioning.Core.csproj", "{54171096-52DC-434F-AF1C-82E682C08700}"
EndProject
Project("{9A19103F-16F7-4668-BE54-9A1E7A4F7556}") = "SemanticVersioning.MSBuild", "SemanticVersioning.MSBuild\SemanticVersioning.MSBuild.csproj", "{BEA15F65-17FE-4A1A-85CD-8AF145E7BD33}"
EndProject
Project("{9A19103F-16F7-4668-BE54-9A1E7A4F7556}") = "SemanticVersioning.CommandLine", "SemanticVersioning.CommandLine\SemanticVersioning.CommandLine.csproj", "{D09DB7B8-E3F5-4FFA-86EE-4FBDF538DD97}"
EndProject
Project("{9A19103F-16F7-4668-BE54-9A1E7A4F7556}") = "SemanticVersioning.CommandLine.Specs", "Specs\SemanticVersioning.CommandLine.Specs\SemanticVersioning.CommandLine.Specs.csproj", "{F2F85046-636D-4FEA-B74C-5EC59ADF968C}"
EndProject
Global
	GlobalSection(SolutionConfigurationPlatforms) = preSolution
		Debug|Any CPU = Debug|Any CPU
		Release|Any CPU = Release|Any CPU
	EndGlobalSection
	GlobalSection(ProjectConfigurationPlatforms) = postSolution
		{E854DFDD-3CD0-47FB-9772-2BBCC275FA74}.Debug|Any CPU.ActiveCfg = Debug|Any CPU
		{E854DFDD-3CD0-47FB-9772-2BBCC275FA74}.Debug|Any CPU.Build.0 = Debug|Any CPU
		{E854DFDD-3CD0-47FB-9772-2BBCC275FA74}.Release|Any CPU.ActiveCfg = Release|Any CPU
		{E854DFDD-3CD0-47FB-9772-2BBCC275FA74}.Release|Any CPU.Build.0 = Release|Any CPU
		{220ED5AA-CD47-4939-9D08-5487D6039636}.Debug|Any CPU.ActiveCfg = Debug|Any CPU
		{220ED5AA-CD47-4939-9D08-5487D6039636}.Debug|Any CPU.Build.0 = Debug|Any CPU
		{220ED5AA-CD47-4939-9D08-5487D6039636}.Release|Any CPU.ActiveCfg = Release|Any CPU
		{220ED5AA-CD47-4939-9D08-5487D6039636}.Release|Any CPU.Build.0 = Release|Any CPU
		{D78B0500-809E-471B-933A-C48509B9C57C}.Debug|Any CPU.ActiveCfg = Debug|Any CPU
		{D78B0500-809E-471B-933A-C48509B9C57C}.Debug|Any CPU.Build.0 = Debug|Any CPU
		{D78B0500-809E-471B-933A-C48509B9C57C}.Release|Any CPU.ActiveCfg = Release|Any CPU
		{D78B0500-809E-471B-933A-C48509B9C57C}.Release|Any CPU.Build.0 = Release|Any CPU
		{282B8835-B9D0-4F6E-B33D-73E9D8BD0D0D}.Debug|Any CPU.ActiveCfg = Debug|Any CPU
		{282B8835-B9D0-4F6E-B33D-73E9D8BD0D0D}.Debug|Any CPU.Build.0 = Debug|Any CPU
		{282B8835-B9D0-4F6E-B33D-73E9D8BD0D0D}.Release|Any CPU.ActiveCfg = Release|Any CPU
		{282B8835-B9D0-4F6E-B33D-73E9D8BD0D0D}.Release|Any CPU.Build.0 = Release|Any CPU
		{85164719-6220-4167-8C52-E0406CDE120F}.Debug|Any CPU.ActiveCfg = Debug|Any CPU
		{85164719-6220-4167-8C52-E0406CDE120F}.Debug|Any CPU.Build.0 = Debug|Any CPU
		{85164719-6220-4167-8C52-E0406CDE120F}.Release|Any CPU.ActiveCfg = Release|Any CPU
		{85164719-6220-4167-8C52-E0406CDE120F}.Release|Any CPU.Build.0 = Release|Any CPU
		{363F2644-64D0-4EA2-AF87-4783234AC0A7}.Debug|Any CPU.ActiveCfg = Debug|Any CPU
		{363F2644-64D0-4EA2-AF87-4783234AC0A7}.Debug|Any CPU.Build.0 = Debug|Any CPU
		{363F2644-64D0-4EA2-AF87-4783234AC0A7}.Release|Any CPU.ActiveCfg = Release|Any CPU
		{363F2644-64D0-4EA2-AF87-4783234AC0A7}.Release|Any CPU.Build.0 = Release|Any CPU
		{54171096-52DC-434F-AF1C-82E682C08700}.Debug|Any CPU.ActiveCfg = Debug|Any CPU
		{54171096-52DC-434F-AF1C-82E682C08700}.Debug|Any CPU.Build.0 = Debug|Any CPU
		{54171096-52DC-434F-AF1C-82E682C08700}.Release|Any CPU.ActiveCfg = Release|Any CPU
		{54171096-52DC-434F-AF1C-82E682C08700}.Release|Any CPU.Build.0 = Release|Any CPU
		{BEA15F65-17FE-4A1A-85CD-8AF145E7BD33}.Debug|Any CPU.ActiveCfg = Debug|Any CPU
		{BEA15F65-17FE-4A1A-85CD-8AF145E7BD33}.Debug|Any CPU.Build.0 = Debug|Any CPU
		{BEA15F65-17FE-4A1A-85CD-8AF145E7BD33}.Release|Any CPU.ActiveCfg = Release|Any CPU
		{BEA15F65-17FE-4A1A-85CD-8AF145E7BD33}.Release|Any CPU.Build.0 = Release|Any CPU
		{D09DB7B8-E3F5-4FFA-86EE-4FBDF538DD97}.Debug|Any CPU.ActiveCfg = Debug|Any CPU
		{D09DB7B8-E3F5-4FFA-86EE-4FBDF538DD97}.Debug|Any CPU.Build.0 = Debug|Any CPU
		{D09DB7B8-E3F5-4FFA-86EE-4FBDF538DD97}.Release|Any CPU.ActiveCfg = Release|Any CPU
		{D09DB7B8-E3F5-4FFA-86EE-4FBDF538DD97}.Release|Any CPU.Build.0 = Release|Any CPU
		{F2F85046-636D-4FEA-B74C-5EC59ADF968C}.Debug|Any CPU.ActiveCfg = Debug|Any CPU
		{F2F85046-636D-4FEA-B74C-5EC59ADF968C}.Debug|Any CPU.Build.0 = Debug|Any CPU
		{F2F85046-636D-4FEA-B74C-5EC59ADF968C}.Release|Any CPU.ActiveCfg = Release|Any CPU
		{F2F85046-636D-4FEA-B74C-5EC59ADF968C}.Release|Any CPU.Build.0 = Release|Any CPU
	EndGlobalSection
	GlobalSection(SolutionProperties) = preSolution
		HideSolutionNode = FALSE
	EndGlobalSection
	GlobalSection(NestedProjects) = preSolution
		{220ED5AA-CD47-4939-9D08-5487D6039636} = {9B8BBDD3-B28D-4587-9738-53264B625CAD}
		{A39FC7D8-CCFD-41EA-B322-F2883668EB43} = {9B8BBDD3-B28D-4587-9738-53264B625CAD}
		{D78B0500-809E-471B-933A-C48509B9C57C} = {A39FC7D8-CCFD-41EA-B322-F2883668EB43}
		{282B8835-B9D0-4F6E-B33D-73E9D8BD0D0D} = {A39FC7D8-CCFD-41EA-B322-F2883668EB43}
		{85164719-6220-4167-8C52-E0406CDE120F} = {A39FC7D8-CCFD-41EA-B322-F2883668EB43}
		{028F3616-5A1D-4352-977F-50BF81A728E9} = {9B8BBDD3-B28D-4587-9738-53264B625CAD}
		{13B7690C-F62F-4E4A-805B-D10D039F9C84} = {028F3616-5A1D-4352-977F-50BF81A728E9}
		{CDFD3BBE-AF93-4678-A091-1B44FF7FBFC9} = {028F3616-5A1D-4352-977F-50BF81A728E9}
		{8EF38621-0835-4829-8BBF-B3ECCB96D2EC} = {028F3616-5A1D-4352-977F-50BF81A728E9}
		{7E6417CC-2097-4E57-9916-2DD4F1B2DAFE} = {028F3616-5A1D-4352-977F-50BF81A728E9}
		{363F2644-64D0-4EA2-AF87-4783234AC0A7} = {A39FC7D8-CCFD-41EA-B322-F2883668EB43}
		{F2F85046-636D-4FEA-B74C-5EC59ADF968C} = {9B8BBDD3-B28D-4587-9738-53264B625CAD}
	EndGlobalSection
	GlobalSection(ExtensibilityGlobals) = postSolution
		SolutionGuid = {8FC58E18-2736-4D41-A668-C02B952A2FEF}
	EndGlobalSection
EndGlobal
