
Microsoft Visual Studio Solution File, Format Version 12.00
# Visual Studio Version 17
VisualStudioVersion = 17.0.31808.319
MinimumVisualStudioVersion = 10.0.40219.1
Project("{9A19103F-16F7-4668-BE54-9A1E7A4F7556}") = "Assembly.ChangeDetection", "Assembly.ChangeDetection\Assembly.ChangeDetection.csproj", "{E854DFDD-3CD0-47FB-9772-2BBCC275FA74}"
EndProject
Project("{2150E333-8FDC-42A3-9474-1A3956D46DE8}") = "Solution Items", "Solution Items", "{1E0CB509-7F0C-4F4D-AF43-3B921F0C408F}"
	ProjectSection(SolutionItems) = preProject
		.editorconfig = .editorconfig
		Directory.Build.props = Directory.Build.props
		nuget.config = nuget.config
		stylecop.json = stylecop.json
	EndProjectSection
EndProject
Project("{9A19103F-16F7-4668-BE54-9A1E7A4F7556}") = "SemanticVersioning.Core", "SemanticVersioning.Core\SemanticVersioning.Core.csproj", "{54171096-52DC-434F-AF1C-82E682C08700}"
EndProject
Project("{9A19103F-16F7-4668-BE54-9A1E7A4F7556}") = "SemanticVersioning.MSBuild", "SemanticVersioning.MSBuild\SemanticVersioning.MSBuild.csproj", "{BEA15F65-17FE-4A1A-85CD-8AF145E7BD33}"
EndProject
Project("{9A19103F-16F7-4668-BE54-9A1E7A4F7556}") = "SemanticVersioning.CommandLine", "SemanticVersioning.CommandLine\SemanticVersioning.CommandLine.csproj", "{D09DB7B8-E3F5-4FFA-86EE-4FBDF538DD97}"
EndProject
Project("{9A19103F-16F7-4668-BE54-9A1E7A4F7556}") = "SemanticVersioning.Core.Tests", "Tests\SemanticVersionsing.Core.Tests\SemanticVersioning.Core.Tests.csproj", "{0BE2B319-ABE1-4C8F-9EE6-9DE9C7F025B4}"
EndProject
Project("{2150E333-8FDC-42A3-9474-1A3956D46DE8}") = "Tests", "Tests", "{C8C8CA0A-7C1B-4E53-BCF9-8D3A80BC6E51}"
	ProjectSection(SolutionItems) = preProject
		Tests\Directory.Build.props = Tests\Directory.Build.props
	EndProjectSection
EndProject
Project("{9A19103F-16F7-4668-BE54-9A1E7A4F7556}") = "Assembly.ChangeDetection.Tests", "Tests\Assembly.ChangeDetection.Tests\Assembly.ChangeDetection.Tests.csproj", "{1AC62054-99E6-4B66-90E9-5FD0E80D630B}"
EndProject
Project("{2150E333-8FDC-42A3-9474-1A3956D46DE8}") = "Projects", "Projects", "{00DF7544-A7B9-40E6-BAD6-67784A5E8918}"
	ProjectSection(SolutionItems) = preProject
		Tests\Projects\Directory.Build.props = Tests\Projects\Directory.Build.props
	EndProjectSection
EndProject
Project("{9A19103F-16F7-4668-BE54-9A1E7A4F7556}") = "BreakingChange", "Tests\Projects\BreakingChange\BreakingChange.csproj", "{71B9DECD-8F1F-4AC4-BD9A-6D76DE742484}"
EndProject
Project("{9A19103F-16F7-4668-BE54-9A1E7A4F7556}") = "New", "Tests\Projects\New\New.csproj", "{083678A7-1B36-470D-968C-9C2BADBCDBF6}"
EndProject
Project("{9A19103F-16F7-4668-BE54-9A1E7A4F7556}") = "NonBreakingAdditiveChange", "Tests\Projects\NonBreakingAdditiveChange\NonBreakingAdditiveChange.csproj", "{1437CF3F-B4A0-487F-AA95-98BE9719F596}"
EndProject
Project("{9A19103F-16F7-4668-BE54-9A1E7A4F7556}") = "Original", "Tests\Projects\Original\Original.csproj", "{662168AA-658A-4449-8A45-F0FB6EF3C4AA}"
EndProject
Project("{2150E333-8FDC-42A3-9474-1A3956D46DE8}") = "NuPkg", "NuPkg", "{9C758029-CFB5-40F9-8070-ED66156F2642}"
EndProject
Project("{2150E333-8FDC-42A3-9474-1A3956D46DE8}") = "Full", "Full", "{8D053D07-46A9-4679-BD0A-669C76CFCE00}"
	ProjectSection(SolutionItems) = preProject
		Tests\NuPkg\Full\Original.1.0.0.nupkg = Tests\NuPkg\Full\Original.1.0.0.nupkg
		Tests\NuPkg\Full\Original.1.0.1-develop.nupkg = Tests\NuPkg\Full\Original.1.0.1-develop.nupkg
	EndProjectSection
EndProject
Project("{2150E333-8FDC-42A3-9474-1A3956D46DE8}") = "NoPackages", "NoPackages", "{0C3B27AA-70ED-4D3A-A7F4-FEE06B96203D}"
EndProject
Project("{2150E333-8FDC-42A3-9474-1A3956D46DE8}") = "OnlyPrerelease", "OnlyPrerelease", "{C726BC1D-C276-49E2-B9C3-814EF7CA839D}"
	ProjectSection(SolutionItems) = preProject
		Tests\NuPkg\OnlyPrerelease\Original.1.0.1-develop.nupkg = Tests\NuPkg\OnlyPrerelease\Original.1.0.1-develop.nupkg
	EndProjectSection
EndProject
Project("{2150E333-8FDC-42A3-9474-1A3956D46DE8}") = "OnlyRelease", "OnlyRelease", "{C99C95CC-7784-47F5-8E88-E379E11AE2D1}"
	ProjectSection(SolutionItems) = preProject
		Tests\NuPkg\OnlyRelease\Original.1.0.0.nupkg = Tests\NuPkg\OnlyRelease\Original.1.0.0.nupkg
	EndProjectSection
EndProject
Project("{9A19103F-16F7-4668-BE54-9A1E7A4F7556}") = "SemanticVersioning.CommandLine.Tests", "Tests\SemanticVersioning.CommandLine.Tests\SemanticVersioning.CommandLine.Tests.csproj", "{0DFC4334-8ECB-4AFB-BEB5-4795C14D9B05}"
EndProject
Global
	GlobalSection(SolutionConfigurationPlatforms) = preSolution
		Debug|Any CPU = Debug|Any CPU
		Release|Any CPU = Release|Any CPU
	EndGlobalSection
	GlobalSection(ProjectConfigurationPlatforms) = postSolution
		{E854DFDD-3CD0-47FB-9772-2BBCC275FA74}.Debug|Any CPU.ActiveCfg = Debug|Any CPU
		{E854DFDD-3CD0-47FB-9772-2BBCC275FA74}.Debug|Any CPU.Build.0 = Debug|Any CPU
		{E854DFDD-3CD0-47FB-9772-2BBCC275FA74}.Release|Any CPU.ActiveCfg = Release|Any CPU
		{E854DFDD-3CD0-47FB-9772-2BBCC275FA74}.Release|Any CPU.Build.0 = Release|Any CPU
		{54171096-52DC-434F-AF1C-82E682C08700}.Debug|Any CPU.ActiveCfg = Debug|Any CPU
		{54171096-52DC-434F-AF1C-82E682C08700}.Debug|Any CPU.Build.0 = Debug|Any CPU
		{54171096-52DC-434F-AF1C-82E682C08700}.Release|Any CPU.ActiveCfg = Release|Any CPU
		{54171096-52DC-434F-AF1C-82E682C08700}.Release|Any CPU.Build.0 = Release|Any CPU
		{BEA15F65-17FE-4A1A-85CD-8AF145E7BD33}.Debug|Any CPU.ActiveCfg = Debug|Any CPU
		{BEA15F65-17FE-4A1A-85CD-8AF145E7BD33}.Debug|Any CPU.Build.0 = Debug|Any CPU
		{BEA15F65-17FE-4A1A-85CD-8AF145E7BD33}.Release|Any CPU.ActiveCfg = Release|Any CPU
		{BEA15F65-17FE-4A1A-85CD-8AF145E7BD33}.Release|Any CPU.Build.0 = Release|Any CPU
		{D09DB7B8-E3F5-4FFA-86EE-4FBDF538DD97}.Debug|Any CPU.ActiveCfg = Debug|Any CPU
		{D09DB7B8-E3F5-4FFA-86EE-4FBDF538DD97}.Debug|Any CPU.Build.0 = Debug|Any CPU
		{D09DB7B8-E3F5-4FFA-86EE-4FBDF538DD97}.Release|Any CPU.ActiveCfg = Release|Any CPU
		{D09DB7B8-E3F5-4FFA-86EE-4FBDF538DD97}.Release|Any CPU.Build.0 = Release|Any CPU
		{0BE2B319-ABE1-4C8F-9EE6-9DE9C7F025B4}.Debug|Any CPU.ActiveCfg = Debug|Any CPU
		{0BE2B319-ABE1-4C8F-9EE6-9DE9C7F025B4}.Debug|Any CPU.Build.0 = Debug|Any CPU
		{0BE2B319-ABE1-4C8F-9EE6-9DE9C7F025B4}.Release|Any CPU.ActiveCfg = Release|Any CPU
		{0BE2B319-ABE1-4C8F-9EE6-9DE9C7F025B4}.Release|Any CPU.Build.0 = Release|Any CPU
		{1AC62054-99E6-4B66-90E9-5FD0E80D630B}.Debug|Any CPU.ActiveCfg = Debug|Any CPU
		{1AC62054-99E6-4B66-90E9-5FD0E80D630B}.Debug|Any CPU.Build.0 = Debug|Any CPU
		{1AC62054-99E6-4B66-90E9-5FD0E80D630B}.Release|Any CPU.ActiveCfg = Release|Any CPU
		{1AC62054-99E6-4B66-90E9-5FD0E80D630B}.Release|Any CPU.Build.0 = Release|Any CPU
		{71B9DECD-8F1F-4AC4-BD9A-6D76DE742484}.Debug|Any CPU.ActiveCfg = Debug|Any CPU
		{71B9DECD-8F1F-4AC4-BD9A-6D76DE742484}.Debug|Any CPU.Build.0 = Debug|Any CPU
		{71B9DECD-8F1F-4AC4-BD9A-6D76DE742484}.Release|Any CPU.ActiveCfg = Release|Any CPU
		{71B9DECD-8F1F-4AC4-BD9A-6D76DE742484}.Release|Any CPU.Build.0 = Release|Any CPU
		{083678A7-1B36-470D-968C-9C2BADBCDBF6}.Debug|Any CPU.ActiveCfg = Debug|Any CPU
		{083678A7-1B36-470D-968C-9C2BADBCDBF6}.Debug|Any CPU.Build.0 = Debug|Any CPU
		{083678A7-1B36-470D-968C-9C2BADBCDBF6}.Release|Any CPU.ActiveCfg = Release|Any CPU
		{083678A7-1B36-470D-968C-9C2BADBCDBF6}.Release|Any CPU.Build.0 = Release|Any CPU
		{1437CF3F-B4A0-487F-AA95-98BE9719F596}.Debug|Any CPU.ActiveCfg = Debug|Any CPU
		{1437CF3F-B4A0-487F-AA95-98BE9719F596}.Debug|Any CPU.Build.0 = Debug|Any CPU
		{1437CF3F-B4A0-487F-AA95-98BE9719F596}.Release|Any CPU.ActiveCfg = Release|Any CPU
		{1437CF3F-B4A0-487F-AA95-98BE9719F596}.Release|Any CPU.Build.0 = Release|Any CPU
		{662168AA-658A-4449-8A45-F0FB6EF3C4AA}.Debug|Any CPU.ActiveCfg = Debug|Any CPU
		{662168AA-658A-4449-8A45-F0FB6EF3C4AA}.Debug|Any CPU.Build.0 = Debug|Any CPU
		{662168AA-658A-4449-8A45-F0FB6EF3C4AA}.Release|Any CPU.ActiveCfg = Release|Any CPU
		{662168AA-658A-4449-8A45-F0FB6EF3C4AA}.Release|Any CPU.Build.0 = Release|Any CPU
		{0DFC4334-8ECB-4AFB-BEB5-4795C14D9B05}.Debug|Any CPU.ActiveCfg = Debug|Any CPU
		{0DFC4334-8ECB-4AFB-BEB5-4795C14D9B05}.Debug|Any CPU.Build.0 = Debug|Any CPU
		{0DFC4334-8ECB-4AFB-BEB5-4795C14D9B05}.Release|Any CPU.ActiveCfg = Release|Any CPU
		{0DFC4334-8ECB-4AFB-BEB5-4795C14D9B05}.Release|Any CPU.Build.0 = Release|Any CPU
	EndGlobalSection
	GlobalSection(SolutionProperties) = preSolution
		HideSolutionNode = FALSE
	EndGlobalSection
	GlobalSection(NestedProjects) = preSolution
		{0BE2B319-ABE1-4C8F-9EE6-9DE9C7F025B4} = {C8C8CA0A-7C1B-4E53-BCF9-8D3A80BC6E51}
		{1AC62054-99E6-4B66-90E9-5FD0E80D630B} = {C8C8CA0A-7C1B-4E53-BCF9-8D3A80BC6E51}
		{00DF7544-A7B9-40E6-BAD6-67784A5E8918} = {C8C8CA0A-7C1B-4E53-BCF9-8D3A80BC6E51}
		{71B9DECD-8F1F-4AC4-BD9A-6D76DE742484} = {00DF7544-A7B9-40E6-BAD6-67784A5E8918}
		{083678A7-1B36-470D-968C-9C2BADBCDBF6} = {00DF7544-A7B9-40E6-BAD6-67784A5E8918}
		{1437CF3F-B4A0-487F-AA95-98BE9719F596} = {00DF7544-A7B9-40E6-BAD6-67784A5E8918}
		{662168AA-658A-4449-8A45-F0FB6EF3C4AA} = {00DF7544-A7B9-40E6-BAD6-67784A5E8918}
		{9C758029-CFB5-40F9-8070-ED66156F2642} = {C8C8CA0A-7C1B-4E53-BCF9-8D3A80BC6E51}
		{8D053D07-46A9-4679-BD0A-669C76CFCE00} = {9C758029-CFB5-40F9-8070-ED66156F2642}
		{0C3B27AA-70ED-4D3A-A7F4-FEE06B96203D} = {9C758029-CFB5-40F9-8070-ED66156F2642}
		{C726BC1D-C276-49E2-B9C3-814EF7CA839D} = {9C758029-CFB5-40F9-8070-ED66156F2642}
		{C99C95CC-7784-47F5-8E88-E379E11AE2D1} = {9C758029-CFB5-40F9-8070-ED66156F2642}
		{0DFC4334-8ECB-4AFB-BEB5-4795C14D9B05} = {C8C8CA0A-7C1B-4E53-BCF9-8D3A80BC6E51}
	EndGlobalSection
	GlobalSection(ExtensibilityGlobals) = postSolution
		SolutionGuid = {8FC58E18-2736-4D41-A668-C02B952A2FEF}
	EndGlobalSection
EndGlobal
